// !$*UTF8*$!
{
	archiveVersion = 1;
	classes = {
	};
	objectVersion = 48;
	objects = {

/* Begin PBXBuildFile section */
		CD816F901F90596E007A2A6D /* GoogleService-Info.plist in Resources */ = {isa = PBXBuildFile; fileRef = CD816F8D1F90592B007A2A6D /* GoogleService-Info.plist */; };
		CD816F921F905AF9007A2A6D /* Main.storyboard in Resources */ = {isa = PBXBuildFile; fileRef = CDAD29FD1F90066100DD0573 /* Main.storyboard */; };
		CD816F941F906937007A2A6D /* CurvedButton.swift in Sources */ = {isa = PBXBuildFile; fileRef = CD816F931F906937007A2A6D /* CurvedButton.swift */; };
		CD816F961F916A05007A2A6D /* RegisterViewController.swift in Sources */ = {isa = PBXBuildFile; fileRef = CD816F951F916A05007A2A6D /* RegisterViewController.swift */; };
		CD816F981F916F28007A2A6D /* FTTextField.swift in Sources */ = {isa = PBXBuildFile; fileRef = CD816F971F916F28007A2A6D /* FTTextField.swift */; };
		CD816F9A1F916F49007A2A6D /* FTTextView.swift in Sources */ = {isa = PBXBuildFile; fileRef = CD816F991F916F49007A2A6D /* FTTextView.swift */; };
		CD9881841F90061000661E4E /* AppDelegate.swift in Sources */ = {isa = PBXBuildFile; fileRef = CD9881831F90061000661E4E /* AppDelegate.swift */; };
		CD98818B1F90061000661E4E /* Assets.xcassets in Resources */ = {isa = PBXBuildFile; fileRef = CD98818A1F90061000661E4E /* Assets.xcassets */; };
		CD98818E1F90061000661E4E /* LaunchScreen.storyboard in Resources */ = {isa = PBXBuildFile; fileRef = CD98818C1F90061000661E4E /* LaunchScreen.storyboard */; };
		CD9881991F90061100661E4E /* FTTrackerTests.swift in Sources */ = {isa = PBXBuildFile; fileRef = CD9881981F90061100661E4E /* FTTrackerTests.swift */; };
		CDAD2A001F90088300DD0573 /* LoginViewController.swift in Sources */ = {isa = PBXBuildFile; fileRef = CDAD29FF1F90088300DD0573 /* LoginViewController.swift */; };
/* End PBXBuildFile section */

/* Begin PBXContainerItemProxy section */
		CD9881951F90061100661E4E /* PBXContainerItemProxy */ = {
			isa = PBXContainerItemProxy;
			containerPortal = CD9881781F90061000661E4E /* Project object */;
			proxyType = 1;
			remoteGlobalIDString = CD98817F1F90061000661E4E;
			remoteInfo = FTTracker;
		};
/* End PBXContainerItemProxy section */

/* Begin PBXFileReference section */
		35FB39B76B19C550B475F086 /* Pods-FTTracker.debug.xcconfig */ = {isa = PBXFileReference; includeInIndex = 1; lastKnownFileType = text.xcconfig; name = "Pods-FTTracker.debug.xcconfig"; path = "Pods/Target Support Files/Pods-FTTracker/Pods-FTTracker.debug.xcconfig"; sourceTree = "<group>"; };
		B545E05C44DAC68580DF7F63 /* Pods-FTTracker.release.xcconfig */ = {isa = PBXFileReference; includeInIndex = 1; lastKnownFileType = text.xcconfig; name = "Pods-FTTracker.release.xcconfig"; path = "Pods/Target Support Files/Pods-FTTracker/Pods-FTTracker.release.xcconfig"; sourceTree = "<group>"; };
		C54B7310AA5D19941043EC5E /* Pods-FTTrackerTests.debug.xcconfig */ = {isa = PBXFileReference; includeInIndex = 1; lastKnownFileType = text.xcconfig; name = "Pods-FTTrackerTests.debug.xcconfig"; path = "Pods/Target Support Files/Pods-FTTrackerTests/Pods-FTTrackerTests.debug.xcconfig"; sourceTree = "<group>"; };
		CD816F8D1F90592B007A2A6D /* GoogleService-Info.plist */ = {isa = PBXFileReference; fileEncoding = 4; lastKnownFileType = text.plist.xml; path = "GoogleService-Info.plist"; sourceTree = "<group>"; };
		CD816F931F906937007A2A6D /* CurvedButton.swift */ = {isa = PBXFileReference; lastKnownFileType = sourcecode.swift; path = CurvedButton.swift; sourceTree = "<group>"; };
		CD816F951F916A05007A2A6D /* RegisterViewController.swift */ = {isa = PBXFileReference; lastKnownFileType = sourcecode.swift; path = RegisterViewController.swift; sourceTree = "<group>"; };
		CD816F971F916F28007A2A6D /* FTTextField.swift */ = {isa = PBXFileReference; lastKnownFileType = sourcecode.swift; path = FTTextField.swift; sourceTree = "<group>"; };
		CD816F991F916F49007A2A6D /* FTTextView.swift */ = {isa = PBXFileReference; lastKnownFileType = sourcecode.swift; path = FTTextView.swift; sourceTree = "<group>"; };
		CD9881801F90061000661E4E /* FTTracker.app */ = {isa = PBXFileReference; explicitFileType = wrapper.application; includeInIndex = 0; path = FTTracker.app; sourceTree = BUILT_PRODUCTS_DIR; };
		CD9881831F90061000661E4E /* AppDelegate.swift */ = {isa = PBXFileReference; lastKnownFileType = sourcecode.swift; path = AppDelegate.swift; sourceTree = "<group>"; };
		CD98818A1F90061000661E4E /* Assets.xcassets */ = {isa = PBXFileReference; lastKnownFileType = folder.assetcatalog; path = Assets.xcassets; sourceTree = "<group>"; };
		CD98818D1F90061000661E4E /* Base */ = {isa = PBXFileReference; lastKnownFileType = file.storyboard; name = Base; path = Base.lproj/LaunchScreen.storyboard; sourceTree = "<group>"; };
		CD98818F1F90061000661E4E /* Info.plist */ = {isa = PBXFileReference; lastKnownFileType = text.plist.xml; path = Info.plist; sourceTree = "<group>"; };
		CD9881941F90061100661E4E /* FTTrackerTests.xctest */ = {isa = PBXFileReference; explicitFileType = wrapper.cfbundle; includeInIndex = 0; path = FTTrackerTests.xctest; sourceTree = BUILT_PRODUCTS_DIR; };
		CD9881981F90061100661E4E /* FTTrackerTests.swift */ = {isa = PBXFileReference; lastKnownFileType = sourcecode.swift; path = FTTrackerTests.swift; sourceTree = "<group>"; };
		CD98819A1F90061100661E4E /* Info.plist */ = {isa = PBXFileReference; lastKnownFileType = text.plist.xml; path = Info.plist; sourceTree = "<group>"; };
		CDAD29FD1F90066100DD0573 /* Main.storyboard */ = {isa = PBXFileReference; lastKnownFileType = file.storyboard; path = Main.storyboard; sourceTree = "<group>"; };
		CDAD29FF1F90088300DD0573 /* LoginViewController.swift */ = {isa = PBXFileReference; lastKnownFileType = sourcecode.swift; path = LoginViewController.swift; sourceTree = "<group>"; };
		D0DCEB47B9F2A9204E968147 /* Pods-FTTrackerTests.release.xcconfig */ = {isa = PBXFileReference; includeInIndex = 1; lastKnownFileType = text.xcconfig; name = "Pods-FTTrackerTests.release.xcconfig"; path = "Pods/Target Support Files/Pods-FTTrackerTests/Pods-FTTrackerTests.release.xcconfig"; sourceTree = "<group>"; };
/* End PBXFileReference section */

/* Begin PBXFrameworksBuildPhase section */
		CD98817D1F90061000661E4E /* Frameworks */ = {
			isa = PBXFrameworksBuildPhase;
			buildActionMask = 2147483647;
			files = (
			);
			runOnlyForDeploymentPostprocessing = 0;
		};
		CD9881911F90061100661E4E /* Frameworks */ = {
			isa = PBXFrameworksBuildPhase;
			buildActionMask = 2147483647;
			files = (
			);
			runOnlyForDeploymentPostprocessing = 0;
		};
/* End PBXFrameworksBuildPhase section */

/* Begin PBXGroup section */
		7E7A130608C7D2D56F5A1582 /* Pods */ = {
			isa = PBXGroup;
			children = (
				35FB39B76B19C550B475F086 /* Pods-FTTracker.debug.xcconfig */,
				B545E05C44DAC68580DF7F63 /* Pods-FTTracker.release.xcconfig */,
				C54B7310AA5D19941043EC5E /* Pods-FTTrackerTests.debug.xcconfig */,
				D0DCEB47B9F2A9204E968147 /* Pods-FTTrackerTests.release.xcconfig */,
			);
			name = Pods;
			sourceTree = "<group>";
		};
		93A15B116EB8868ADA641DB0 /* Frameworks */ = {
			isa = PBXGroup;
			children = (
			);
			name = Frameworks;
			sourceTree = "<group>";
		};
		CD9881771F90061000661E4E = {
			isa = PBXGroup;
			children = (
				CD9881821F90061000661E4E /* FTTracker */,
				CD9881971F90061100661E4E /* FTTrackerTests */,
				CD9881811F90061000661E4E /* Products */,
				7E7A130608C7D2D56F5A1582 /* Pods */,
				93A15B116EB8868ADA641DB0 /* Frameworks */,
			);
			sourceTree = "<group>";
		};
		CD9881811F90061000661E4E /* Products */ = {
			isa = PBXGroup;
			children = (
				CD9881801F90061000661E4E /* FTTracker.app */,
				CD9881941F90061100661E4E /* FTTrackerTests.xctest */,
			);
			name = Products;
			sourceTree = "<group>";
		};
		CD9881821F90061000661E4E /* FTTracker */ = {
			isa = PBXGroup;
			children = (
				CD816F8D1F90592B007A2A6D /* GoogleService-Info.plist */,
				CDAD29FF1F90088300DD0573 /* LoginViewController.swift */,
				CD9881831F90061000661E4E /* AppDelegate.swift */,
				CDAD29FD1F90066100DD0573 /* Main.storyboard */,
				CD816F951F916A05007A2A6D /* RegisterViewController.swift */,
				CD816F971F916F28007A2A6D /* FTTextField.swift */,
				CD816F991F916F49007A2A6D /* FTTextView.swift */,
				CD816F931F906937007A2A6D /* CurvedButton.swift */,
				CD98818A1F90061000661E4E /* Assets.xcassets */,
				CD98818C1F90061000661E4E /* LaunchScreen.storyboard */,
				CD98818F1F90061000661E4E /* Info.plist */,
			);
			path = FTTracker;
			sourceTree = "<group>";
		};
		CD9881971F90061100661E4E /* FTTrackerTests */ = {
			isa = PBXGroup;
			children = (
				CD9881981F90061100661E4E /* FTTrackerTests.swift */,
				CD98819A1F90061100661E4E /* Info.plist */,
			);
			path = FTTrackerTests;
			sourceTree = "<group>";
		};
/* End PBXGroup section */

/* Begin PBXNativeTarget section */
		CD98817F1F90061000661E4E /* FTTracker */ = {
			isa = PBXNativeTarget;
			buildConfigurationList = CD98819D1F90061100661E4E /* Build configuration list for PBXNativeTarget "FTTracker" */;
			buildPhases = (
				EFA73A2DF958F53EA59B2ED9 /* [CP] Check Pods Manifest.lock */,
				CD98817C1F90061000661E4E /* Sources */,
				CD98817D1F90061000661E4E /* Frameworks */,
				CD98817E1F90061000661E4E /* Resources */,
				12A90CC5523392A18572DA5F /* [CP] Embed Pods Frameworks */,
				BBAC449A93F0DFB6A4921792 /* [CP] Copy Pods Resources */,
			);
			buildRules = (
			);
			dependencies = (
			);
			name = FTTracker;
			productName = FTTracker;
			productReference = CD9881801F90061000661E4E /* FTTracker.app */;
			productType = "com.apple.product-type.application";
		};
		CD9881931F90061100661E4E /* FTTrackerTests */ = {
			isa = PBXNativeTarget;
			buildConfigurationList = CD9881A01F90061100661E4E /* Build configuration list for PBXNativeTarget "FTTrackerTests" */;
			buildPhases = (
				9C4EE7B382AA6C6A4254320D /* [CP] Check Pods Manifest.lock */,
				CD9881901F90061100661E4E /* Sources */,
				CD9881911F90061100661E4E /* Frameworks */,
				CD9881921F90061100661E4E /* Resources */,
				E1D799628F0E4EDD23684DB3 /* [CP] Embed Pods Frameworks */,
				D2AE9AD78F59FCEDFD9BFEEB /* [CP] Copy Pods Resources */,
			);
			buildRules = (
			);
			dependencies = (
				CD9881961F90061100661E4E /* PBXTargetDependency */,
			);
			name = FTTrackerTests;
			productName = FTTrackerTests;
			productReference = CD9881941F90061100661E4E /* FTTrackerTests.xctest */;
			productType = "com.apple.product-type.bundle.unit-test";
		};
/* End PBXNativeTarget section */

/* Begin PBXProject section */
		CD9881781F90061000661E4E /* Project object */ = {
			isa = PBXProject;
			attributes = {
				LastSwiftUpdateCheck = 0900;
				LastUpgradeCheck = 0900;
				ORGANIZATIONNAME = "Dylan Bruschi";
				TargetAttributes = {
					CD98817F1F90061000661E4E = {
						CreatedOnToolsVersion = 9.0;
						ProvisioningStyle = Automatic;
					};
					CD9881931F90061100661E4E = {
						CreatedOnToolsVersion = 9.0;
						ProvisioningStyle = Automatic;
						TestTargetID = CD98817F1F90061000661E4E;
					};
				};
			};
			buildConfigurationList = CD98817B1F90061000661E4E /* Build configuration list for PBXProject "FTTracker" */;
			compatibilityVersion = "Xcode 8.0";
			developmentRegion = en;
			hasScannedForEncodings = 0;
			knownRegions = (
				en,
				Base,
			);
			mainGroup = CD9881771F90061000661E4E;
			productRefGroup = CD9881811F90061000661E4E /* Products */;
			projectDirPath = "";
			projectRoot = "";
			targets = (
				CD98817F1F90061000661E4E /* FTTracker */,
				CD9881931F90061100661E4E /* FTTrackerTests */,
			);
		};
/* End PBXProject section */

/* Begin PBXResourcesBuildPhase section */
		CD98817E1F90061000661E4E /* Resources */ = {
			isa = PBXResourcesBuildPhase;
			buildActionMask = 2147483647;
			files = (
				CD98818E1F90061000661E4E /* LaunchScreen.storyboard in Resources */,
				CD816F901F90596E007A2A6D /* GoogleService-Info.plist in Resources */,
				CD98818B1F90061000661E4E /* Assets.xcassets in Resources */,
				CD816F921F905AF9007A2A6D /* Main.storyboard in Resources */,
			);
			runOnlyForDeploymentPostprocessing = 0;
		};
		CD9881921F90061100661E4E /* Resources */ = {
			isa = PBXResourcesBuildPhase;
			buildActionMask = 2147483647;
			files = (
			);
			runOnlyForDeploymentPostprocessing = 0;
		};
/* End PBXResourcesBuildPhase section */

/* Begin PBXShellScriptBuildPhase section */
		12A90CC5523392A18572DA5F /* [CP] Embed Pods Frameworks */ = {
			isa = PBXShellScriptBuildPhase;
			buildActionMask = 2147483647;
			files = (
			);
			inputPaths = (
			);
			name = "[CP] Embed Pods Frameworks";
			outputPaths = (
			);
			runOnlyForDeploymentPostprocessing = 0;
			shellPath = /bin/sh;
			shellScript = "\"${SRCROOT}/Pods/Target Support Files/Pods-FTTracker/Pods-FTTracker-frameworks.sh\"\n";
			showEnvVarsInLog = 0;
		};
		9C4EE7B382AA6C6A4254320D /* [CP] Check Pods Manifest.lock */ = {
			isa = PBXShellScriptBuildPhase;
			buildActionMask = 2147483647;
			files = (
			);
			inputPaths = (
				"${PODS_PODFILE_DIR_PATH}/Podfile.lock",
				"${PODS_ROOT}/Manifest.lock",
			);
			name = "[CP] Check Pods Manifest.lock";
			outputPaths = (
				"$(DERIVED_FILE_DIR)/Pods-FTTrackerTests-checkManifestLockResult.txt",
			);
			runOnlyForDeploymentPostprocessing = 0;
			shellPath = /bin/sh;
			shellScript = "diff \"${PODS_PODFILE_DIR_PATH}/Podfile.lock\" \"${PODS_ROOT}/Manifest.lock\" > /dev/null\nif [ $? != 0 ] ; then\n    # print error to STDERR\n    echo \"error: The sandbox is not in sync with the Podfile.lock. Run 'pod install' or update your CocoaPods installation.\" >&2\n    exit 1\nfi\n# This output is used by Xcode 'outputs' to avoid re-running this script phase.\necho \"SUCCESS\" > \"${SCRIPT_OUTPUT_FILE_0}\"\n";
			showEnvVarsInLog = 0;
		};
		BBAC449A93F0DFB6A4921792 /* [CP] Copy Pods Resources */ = {
			isa = PBXShellScriptBuildPhase;
			buildActionMask = 2147483647;
			files = (
			);
			inputPaths = (
			);
			name = "[CP] Copy Pods Resources";
			outputPaths = (
			);
			runOnlyForDeploymentPostprocessing = 0;
			shellPath = /bin/sh;
			shellScript = "\"${SRCROOT}/Pods/Target Support Files/Pods-FTTracker/Pods-FTTracker-resources.sh\"\n";
			showEnvVarsInLog = 0;
		};
		D2AE9AD78F59FCEDFD9BFEEB /* [CP] Copy Pods Resources */ = {
			isa = PBXShellScriptBuildPhase;
			buildActionMask = 2147483647;
			files = (
			);
			inputPaths = (
			);
			name = "[CP] Copy Pods Resources";
			outputPaths = (
			);
			runOnlyForDeploymentPostprocessing = 0;
			shellPath = /bin/sh;
			shellScript = "\"${SRCROOT}/Pods/Target Support Files/Pods-FTTrackerTests/Pods-FTTrackerTests-resources.sh\"\n";
			showEnvVarsInLog = 0;
		};
		E1D799628F0E4EDD23684DB3 /* [CP] Embed Pods Frameworks */ = {
			isa = PBXShellScriptBuildPhase;
			buildActionMask = 2147483647;
			files = (
			);
			inputPaths = (
			);
			name = "[CP] Embed Pods Frameworks";
			outputPaths = (
			);
			runOnlyForDeploymentPostprocessing = 0;
			shellPath = /bin/sh;
			shellScript = "\"${SRCROOT}/Pods/Target Support Files/Pods-FTTrackerTests/Pods-FTTrackerTests-frameworks.sh\"\n";
			showEnvVarsInLog = 0;
		};
		EFA73A2DF958F53EA59B2ED9 /* [CP] Check Pods Manifest.lock */ = {
			isa = PBXShellScriptBuildPhase;
			buildActionMask = 2147483647;
			files = (
			);
			inputPaths = (
				"${PODS_PODFILE_DIR_PATH}/Podfile.lock",
				"${PODS_ROOT}/Manifest.lock",
			);
			name = "[CP] Check Pods Manifest.lock";
			outputPaths = (
				"$(DERIVED_FILE_DIR)/Pods-FTTracker-checkManifestLockResult.txt",
			);
			runOnlyForDeploymentPostprocessing = 0;
			shellPath = /bin/sh;
			shellScript = "diff \"${PODS_PODFILE_DIR_PATH}/Podfile.lock\" \"${PODS_ROOT}/Manifest.lock\" > /dev/null\nif [ $? != 0 ] ; then\n    # print error to STDERR\n    echo \"error: The sandbox is not in sync with the Podfile.lock. Run 'pod install' or update your CocoaPods installation.\" >&2\n    exit 1\nfi\n# This output is used by Xcode 'outputs' to avoid re-running this script phase.\necho \"SUCCESS\" > \"${SCRIPT_OUTPUT_FILE_0}\"\n";
			showEnvVarsInLog = 0;
		};
/* End PBXShellScriptBuildPhase section */

/* Begin PBXSourcesBuildPhase section */
		CD98817C1F90061000661E4E /* Sources */ = {
			isa = PBXSourcesBuildPhase;
			buildActionMask = 2147483647;
			files = (
				CD816F981F916F28007A2A6D /* FTTextField.swift in Sources */,
				CDAD2A001F90088300DD0573 /* LoginViewController.swift in Sources */,
				CD816F941F906937007A2A6D /* CurvedButton.swift in Sources */,
				CD816F9A1F916F49007A2A6D /* FTTextView.swift in Sources */,
				CD9881841F90061000661E4E /* AppDelegate.swift in Sources */,
				CD816F961F916A05007A2A6D /* RegisterViewController.swift in Sources */,
			);
			runOnlyForDeploymentPostprocessing = 0;
		};
		CD9881901F90061100661E4E /* Sources */ = {
			isa = PBXSourcesBuildPhase;
			buildActionMask = 2147483647;
			files = (
				CD9881991F90061100661E4E /* FTTrackerTests.swift in Sources */,
			);
			runOnlyForDeploymentPostprocessing = 0;
		};
/* End PBXSourcesBuildPhase section */

/* Begin PBXTargetDependency section */
		CD9881961F90061100661E4E /* PBXTargetDependency */ = {
			isa = PBXTargetDependency;
			target = CD98817F1F90061000661E4E /* FTTracker */;
			targetProxy = CD9881951F90061100661E4E /* PBXContainerItemProxy */;
		};
/* End PBXTargetDependency section */

/* Begin PBXVariantGroup section */
		CD98818C1F90061000661E4E /* LaunchScreen.storyboard */ = {
			isa = PBXVariantGroup;
			children = (
				CD98818D1F90061000661E4E /* Base */,
			);
			name = LaunchScreen.storyboard;
			sourceTree = "<group>";
		};
/* End PBXVariantGroup section */

/* Begin XCBuildConfiguration section */
		CD98819B1F90061100661E4E /* Debug */ = {
			isa = XCBuildConfiguration;
			buildSettings = {
				ALWAYS_SEARCH_USER_PATHS = NO;
				CLANG_ANALYZER_NONNULL = YES;
				CLANG_ANALYZER_NUMBER_OBJECT_CONVERSION = YES_AGGRESSIVE;
				CLANG_CXX_LANGUAGE_STANDARD = "gnu++14";
				CLANG_CXX_LIBRARY = "libc++";
				CLANG_ENABLE_MODULES = YES;
				CLANG_ENABLE_OBJC_ARC = YES;
				CLANG_WARN_BLOCK_CAPTURE_AUTORELEASING = YES;
				CLANG_WARN_BOOL_CONVERSION = YES;
				CLANG_WARN_COMMA = YES;
				CLANG_WARN_CONSTANT_CONVERSION = YES;
				CLANG_WARN_DIRECT_OBJC_ISA_USAGE = YES_ERROR;
				CLANG_WARN_DOCUMENTATION_COMMENTS = YES;
				CLANG_WARN_EMPTY_BODY = YES;
				CLANG_WARN_ENUM_CONVERSION = YES;
				CLANG_WARN_INFINITE_RECURSION = YES;
				CLANG_WARN_INT_CONVERSION = YES;
				CLANG_WARN_NON_LITERAL_NULL_CONVERSION = YES;
				CLANG_WARN_OBJC_LITERAL_CONVERSION = YES;
				CLANG_WARN_OBJC_ROOT_CLASS = YES_ERROR;
				CLANG_WARN_RANGE_LOOP_ANALYSIS = YES;
				CLANG_WARN_STRICT_PROTOTYPES = YES;
				CLANG_WARN_SUSPICIOUS_MOVE = YES;
				CLANG_WARN_UNGUARDED_AVAILABILITY = YES_AGGRESSIVE;
				CLANG_WARN_UNREACHABLE_CODE = YES;
				CLANG_WARN__DUPLICATE_METHOD_MATCH = YES;
				CODE_SIGN_IDENTITY = "iPhone Developer";
				COPY_PHASE_STRIP = NO;
				DEBUG_INFORMATION_FORMAT = dwarf;
				ENABLE_STRICT_OBJC_MSGSEND = YES;
				ENABLE_TESTABILITY = YES;
				GCC_C_LANGUAGE_STANDARD = gnu11;
				GCC_DYNAMIC_NO_PIC = NO;
				GCC_NO_COMMON_BLOCKS = YES;
				GCC_OPTIMIZATION_LEVEL = 0;
				GCC_PREPROCESSOR_DEFINITIONS = (
					"DEBUG=1",
					"$(inherited)",
				);
				GCC_WARN_64_TO_32_BIT_CONVERSION = YES;
				GCC_WARN_ABOUT_RETURN_TYPE = YES_ERROR;
				GCC_WARN_UNDECLARED_SELECTOR = YES;
				GCC_WARN_UNINITIALIZED_AUTOS = YES_AGGRESSIVE;
				GCC_WARN_UNUSED_FUNCTION = YES;
				GCC_WARN_UNUSED_VARIABLE = YES;
				IPHONEOS_DEPLOYMENT_TARGET = 11.0;
				MTL_ENABLE_DEBUG_INFO = YES;
				ONLY_ACTIVE_ARCH = YES;
				SDKROOT = iphoneos;
				SWIFT_ACTIVE_COMPILATION_CONDITIONS = DEBUG;
				SWIFT_OPTIMIZATION_LEVEL = "-Onone";
			};
			name = Debug;
		};
		CD98819C1F90061100661E4E /* Release */ = {
			isa = XCBuildConfiguration;
			buildSettings = {
				ALWAYS_SEARCH_USER_PATHS = NO;
				CLANG_ANALYZER_NONNULL = YES;
				CLANG_ANALYZER_NUMBER_OBJECT_CONVERSION = YES_AGGRESSIVE;
				CLANG_CXX_LANGUAGE_STANDARD = "gnu++14";
				CLANG_CXX_LIBRARY = "libc++";
				CLANG_ENABLE_MODULES = YES;
				CLANG_ENABLE_OBJC_ARC = YES;
				CLANG_WARN_BLOCK_CAPTURE_AUTORELEASING = YES;
				CLANG_WARN_BOOL_CONVERSION = YES;
				CLANG_WARN_COMMA = YES;
				CLANG_WARN_CONSTANT_CONVERSION = YES;
				CLANG_WARN_DIRECT_OBJC_ISA_USAGE = YES_ERROR;
				CLANG_WARN_DOCUMENTATION_COMMENTS = YES;
				CLANG_WARN_EMPTY_BODY = YES;
				CLANG_WARN_ENUM_CONVERSION = YES;
				CLANG_WARN_INFINITE_RECURSION = YES;
				CLANG_WARN_INT_CONVERSION = YES;
				CLANG_WARN_NON_LITERAL_NULL_CONVERSION = YES;
				CLANG_WARN_OBJC_LITERAL_CONVERSION = YES;
				CLANG_WARN_OBJC_ROOT_CLASS = YES_ERROR;
				CLANG_WARN_RANGE_LOOP_ANALYSIS = YES;
				CLANG_WARN_STRICT_PROTOTYPES = YES;
				CLANG_WARN_SUSPICIOUS_MOVE = YES;
				CLANG_WARN_UNGUARDED_AVAILABILITY = YES_AGGRESSIVE;
				CLANG_WARN_UNREACHABLE_CODE = YES;
				CLANG_WARN__DUPLICATE_METHOD_MATCH = YES;
				CODE_SIGN_IDENTITY = "iPhone Developer";
				COPY_PHASE_STRIP = NO;
				DEBUG_INFORMATION_FORMAT = "dwarf-with-dsym";
				ENABLE_NS_ASSERTIONS = NO;
				ENABLE_STRICT_OBJC_MSGSEND = YES;
				GCC_C_LANGUAGE_STANDARD = gnu11;
				GCC_NO_COMMON_BLOCKS = YES;
				GCC_WARN_64_TO_32_BIT_CONVERSION = YES;
				GCC_WARN_ABOUT_RETURN_TYPE = YES_ERROR;
				GCC_WARN_UNDECLARED_SELECTOR = YES;
				GCC_WARN_UNINITIALIZED_AUTOS = YES_AGGRESSIVE;
				GCC_WARN_UNUSED_FUNCTION = YES;
				GCC_WARN_UNUSED_VARIABLE = YES;
				IPHONEOS_DEPLOYMENT_TARGET = 11.0;
				MTL_ENABLE_DEBUG_INFO = NO;
				SDKROOT = iphoneos;
				SWIFT_OPTIMIZATION_LEVEL = "-Owholemodule";
				VALIDATE_PRODUCT = YES;
			};
			name = Release;
		};
		CD98819E1F90061100661E4E /* Debug */ = {
			isa = XCBuildConfiguration;
			baseConfigurationReference = 35FB39B76B19C550B475F086 /* Pods-FTTracker.debug.xcconfig */;
			buildSettings = {
				ASSETCATALOG_COMPILER_APPICON_NAME = AppIcon;
				CODE_SIGN_STYLE = Automatic;
				INFOPLIST_FILE = FTTracker/Info.plist;
				LD_RUNPATH_SEARCH_PATHS = "$(inherited) @executable_path/Frameworks";
				PRODUCT_BUNDLE_IDENTIFIER = dlb.FTTracker;
				PRODUCT_NAME = "$(TARGET_NAME)";
				SWIFT_VERSION = 4.0;
				TARGETED_DEVICE_FAMILY = "1,2";
			};
			name = Debug;
		};
		CD98819F1F90061100661E4E /* Release */ = {
			isa = XCBuildConfiguration;
			baseConfigurationReference = B545E05C44DAC68580DF7F63 /* Pods-FTTracker.release.xcconfig */;
			buildSettings = {
				ASSETCATALOG_COMPILER_APPICON_NAME = AppIcon;
				CODE_SIGN_STYLE = Automatic;
				INFOPLIST_FILE = FTTracker/Info.plist;
				LD_RUNPATH_SEARCH_PATHS = "$(inherited) @executable_path/Frameworks";
				PRODUCT_BUNDLE_IDENTIFIER = dlb.FTTracker;
				PRODUCT_NAME = "$(TARGET_NAME)";
				SWIFT_VERSION = 4.0;
				TARGETED_DEVICE_FAMILY = "1,2";
			};
			name = Release;
		};
		CD9881A11F90061100661E4E /* Debug */ = {
			isa = XCBuildConfiguration;
			baseConfigurationReference = C54B7310AA5D19941043EC5E /* Pods-FTTrackerTests.debug.xcconfig */;
			buildSettings = {
				ALWAYS_EMBED_SWIFT_STANDARD_LIBRARIES = YES;
				BUNDLE_LOADER = "$(TEST_HOST)";
				CODE_SIGN_STYLE = Automatic;
				INFOPLIST_FILE = FTTrackerTests/Info.plist;
				LD_RUNPATH_SEARCH_PATHS = "$(inherited) @executable_path/Frameworks @loader_path/Frameworks";
				PRODUCT_BUNDLE_IDENTIFIER = dlb.FTTrackerTests;
				PRODUCT_NAME = "$(TARGET_NAME)";
				SWIFT_VERSION = 4.0;
				TARGETED_DEVICE_FAMILY = "1,2";
				TEST_HOST = "$(BUILT_PRODUCTS_DIR)/FTTracker.app/FTTracker";
			};
			name = Debug;
		};
		CD9881A21F90061100661E4E /* Release */ = {
			isa = XCBuildConfiguration;
			baseConfigurationReference = D0DCEB47B9F2A9204E968147 /* Pods-FTTrackerTests.release.xcconfig */;
			buildSettings = {
				ALWAYS_EMBED_SWIFT_STANDARD_LIBRARIES = YES;
				BUNDLE_LOADER = "$(TEST_HOST)";
				CODE_SIGN_STYLE = Automatic;
				INFOPLIST_FILE = FTTrackerTests/Info.plist;
				LD_RUNPATH_SEARCH_PATHS = "$(inherited) @executable_path/Frameworks @loader_path/Frameworks";
				PRODUCT_BUNDLE_IDENTIFIER = dlb.FTTrackerTests;
				PRODUCT_NAME = "$(TARGET_NAME)";
				SWIFT_VERSION = 4.0;
				TARGETED_DEVICE_FAMILY = "1,2";
				TEST_HOST = "$(BUILT_PRODUCTS_DIR)/FTTracker.app/FTTracker";
			};
			name = Release;
		};
/* End XCBuildConfiguration section */

/* Begin XCConfigurationList section */
		CD98817B1F90061000661E4E /* Build configuration list for PBXProject "FTTracker" */ = {
			isa = XCConfigurationList;
			buildConfigurations = (
				CD98819B1F90061100661E4E /* Debug */,
				CD98819C1F90061100661E4E /* Release */,
			);
			defaultConfigurationIsVisible = 0;
			defaultConfigurationName = Release;
		};
		CD98819D1F90061100661E4E /* Build configuration list for PBXNativeTarget "FTTracker" */ = {
			isa = XCConfigurationList;
			buildConfigurations = (
				CD98819E1F90061100661E4E /* Debug */,
				CD98819F1F90061100661E4E /* Release */,
			);
			defaultConfigurationIsVisible = 0;
			defaultConfigurationName = Release;
		};
		CD9881A01F90061100661E4E /* Build configuration list for PBXNativeTarget "FTTrackerTests" */ = {
			isa = XCConfigurationList;
			buildConfigurations = (
				CD9881A11F90061100661E4E /* Debug */,
				CD9881A21F90061100661E4E /* Release */,
			);
			defaultConfigurationIsVisible = 0;
			defaultConfigurationName = Release;
		};
/* End XCConfigurationList section */
	};
	rootObject = CD9881781F90061000661E4E /* Project object */;
}
