// !$*UTF8*$!
{
	archiveVersion = 1;
	classes = {
	};
	objectVersion = 48;
	objects = {

/* Begin PBXBuildFile section */
		CD9881841F90061000661E4E /* AppDelegate.swift in Sources */ = {isa = PBXBuildFile; fileRef = CD9881831F90061000661E4E /* AppDelegate.swift */; };
		CD9881861F90061000661E4E /* ViewController.swift in Sources */ = {isa = PBXBuildFile; fileRef = CD9881851F90061000661E4E /* ViewController.swift */; };
		CD9881891F90061000661E4E /* Main.storyboard in Resources */ = {isa = PBXBuildFile; fileRef = CD9881871F90061000661E4E /* Main.storyboard */; };
		CD98818B1F90061000661E4E /* Assets.xcassets in Resources */ = {isa = PBXBuildFile; fileRef = CD98818A1F90061000661E4E /* Assets.xcassets */; };
		CD98818E1F90061000661E4E /* LaunchScreen.storyboard in Resources */ = {isa = PBXBuildFile; fileRef = CD98818C1F90061000661E4E /* LaunchScreen.storyboard */; };
		CD9881991F90061100661E4E /* FTTrackerTests.swift in Sources */ = {isa = PBXBuildFile; fileRef = CD9881981F90061100661E4E /* FTTrackerTests.swift */; };
/* End PBXBuildFile section */

/* Begin PBXContainerItemProxy section */
		CD9881951F90061100661E4E /* PBXContainerItemProxy */ = {
			isa = PBXContainerItemProxy;
			containerPortal = CD9881781F90061000661E4E /* Project object */;
			proxyType = 1;
			remoteGlobalIDString = CD98817F1F90061000661E4E;
			remoteInfo = FTTracker;
		};
/* End PBXContainerItemProxy section */

/* Begin PBXFileReference section */
		CD9881801F90061000661E4E /* FTTracker.app */ = {isa = PBXFileReference; explicitFileType = wrapper.application; includeInIndex = 0; path = FTTracker.app; sourceTree = BUILT_PRODUCTS_DIR; };
		CD9881831F90061000661E4E /* AppDelegate.swift */ = {isa = PBXFileReference; lastKnownFileType = sourcecode.swift; path = AppDelegate.swift; sourceTree = "<group>"; };
		CD9881851F90061000661E4E /* ViewController.swift */ = {isa = PBXFileReference; lastKnownFileType = sourcecode.swift; path = ViewController.swift; sourceTree = "<group>"; };
		CD9881881F90061000661E4E /* Base */ = {isa = PBXFileReference; lastKnownFileType = file.storyboard; name = Base; path = Base.lproj/Main.storyboard; sourceTree = "<group>"; };
		CD98818A1F90061000661E4E /* Assets.xcassets */ = {isa = PBXFileReference; lastKnownFileType = folder.assetcatalog; path = Assets.xcassets; sourceTree = "<group>"; };
		CD98818D1F90061000661E4E /* Base */ = {isa = PBXFileReference; lastKnownFileType = file.storyboard; name = Base; path = Base.lproj/LaunchScreen.storyboard; sourceTree = "<group>"; };
		CD98818F1F90061000661E4E /* Info.plist */ = {isa = PBXFileReference; lastKnownFileType = text.plist.xml; path = Info.plist; sourceTree = "<group>"; };
		CD9881941F90061100661E4E /* FTTrackerTests.xctest */ = {isa = PBXFileReference; explicitFileType = wrapper.cfbundle; includeInIndex = 0; path = FTTrackerTests.xctest; sourceTree = BUILT_PRODUCTS_DIR; };
		CD9881981F90061100661E4E /* FTTrackerTests.swift */ = {isa = PBXFileReference; lastKnownFileType = sourcecode.swift; path = FTTrackerTests.swift; sourceTree = "<group>"; };
		CD98819A1F90061100661E4E /* Info.plist */ = {isa = PBXFileReference; lastKnownFileType = text.plist.xml; path = Info.plist; sourceTree = "<group>"; };
/* End PBXFileReference section */

/* Begin PBXFrameworksBuildPhase section */
		CD98817D1F90061000661E4E /* Frameworks */ = {
			isa = PBXFrameworksBuildPhase;
			buildActionMask = 2147483647;
			files = (
			);
			runOnlyForDeploymentPostprocessing = 0;
		};
		CD9881911F90061100661E4E /* Frameworks */ = {
			isa = PBXFrameworksBuildPhase;
			buildActionMask = 2147483647;
			files = (
			);
			runOnlyForDeploymentPostprocessing = 0;
		};
/* End PBXFrameworksBuildPhase section */

/* Begin PBXGroup section */
		CD9881771F90061000661E4E = {
			isa = PBXGroup;
			children = (
				CD9881821F90061000661E4E /* FTTracker */,
				CD9881971F90061100661E4E /* FTTrackerTests */,
				CD9881811F90061000661E4E /* Products */,
			);
			sourceTree = "<group>";
		};
		CD9881811F90061000661E4E /* Products */ = {
			isa = PBXGroup;
			children = (
				CD9881801F90061000661E4E /* FTTracker.app */,
				CD9881941F90061100661E4E /* FTTrackerTests.xctest */,
			);
			name = Products;
			sourceTree = "<group>";
		};
		CD9881821F90061000661E4E /* FTTracker */ = {
			isa = PBXGroup;
			children = (
				CD9881831F90061000661E4E /* AppDelegate.swift */,
				CD9881851F90061000661E4E /* ViewController.swift */,
				CD9881871F90061000661E4E /* Main.storyboard */,
				CD98818A1F90061000661E4E /* Assets.xcassets */,
				CD98818C1F90061000661E4E /* LaunchScreen.storyboard */,
				CD98818F1F90061000661E4E /* Info.plist */,
			);
			path = FTTracker;
			sourceTree = "<group>";
		};
		CD9881971F90061100661E4E /* FTTrackerTests */ = {
			isa = PBXGroup;
			children = (
				CD9881981F90061100661E4E /* FTTrackerTests.swift */,
				CD98819A1F90061100661E4E /* Info.plist */,
			);
			path = FTTrackerTests;
			sourceTree = "<group>";
		};
/* End PBXGroup section */

/* Begin PBXNativeTarget section */
		CD98817F1F90061000661E4E /* FTTracker */ = {
			isa = PBXNativeTarget;
			buildConfigurationList = CD98819D1F90061100661E4E /* Build configuration list for PBXNativeTarget "FTTracker" */;
			buildPhases = (
				CD98817C1F90061000661E4E /* Sources */,
				CD98817D1F90061000661E4E /* Frameworks */,
				CD98817E1F90061000661E4E /* Resources */,
			);
			buildRules = (
			);
			dependencies = (
			);
			name = FTTracker;
			productName = FTTracker;
			productReference = CD9881801F90061000661E4E /* FTTracker.app */;
			productType = "com.apple.product-type.application";
		};
		CD9881931F90061100661E4E /* FTTrackerTests */ = {
			isa = PBXNativeTarget;
			buildConfigurationList = CD9881A01F90061100661E4E /* Build configuration list for PBXNativeTarget "FTTrackerTests" */;
			buildPhases = (
				CD9881901F90061100661E4E /* Sources */,
				CD9881911F90061100661E4E /* Frameworks */,
				CD9881921F90061100661E4E /* Resources */,
			);
			buildRules = (
			);
			dependencies = (
				CD9881961F90061100661E4E /* PBXTargetDependency */,
			);
			name = FTTrackerTests;
			productName = FTTrackerTests;
			productReference = CD9881941F90061100661E4E /* FTTrackerTests.xctest */;
			productType = "com.apple.product-type.bundle.unit-test";
		};
/* End PBXNativeTarget section */

/* Begin PBXProject section */
		CD9881781F90061000661E4E /* Project object */ = {
			isa = PBXProject;
			attributes = {
				LastSwiftUpdateCheck = 0900;
				LastUpgradeCheck = 0900;
				ORGANIZATIONNAME = "Dylan Bruschi";
				TargetAttributes = {
					CD98817F1F90061000661E4E = {
						CreatedOnToolsVersion = 9.0;
						ProvisioningStyle = Automatic;
					};
					CD9881931F90061100661E4E = {
						CreatedOnToolsVersion = 9.0;
						ProvisioningStyle = Automatic;
						TestTargetID = CD98817F1F90061000661E4E;
					};
				};
			};
			buildConfigurationList = CD98817B1F90061000661E4E /* Build configuration list for PBXProject "FTTracker" */;
			compatibilityVersion = "Xcode 8.0";
			developmentRegion = en;
			hasScannedForEncodings = 0;
			knownRegions = (
				en,
				Base,
			);
			mainGroup = CD9881771F90061000661E4E;
			productRefGroup = CD9881811F90061000661E4E /* Products */;
			projectDirPath = "";
			projectRoot = "";
			targets = (
				CD98817F1F90061000661E4E /* FTTracker */,
				CD9881931F90061100661E4E /* FTTrackerTests */,
			);
		};
/* End PBXProject section */

/* Begin PBXResourcesBuildPhase section */
		CD98817E1F90061000661E4E /* Resources */ = {
			isa = PBXResourcesBuildPhase;
			buildActionMask = 2147483647;
			files = (
				CD98818E1F90061000661E4E /* LaunchScreen.storyboard in Resources */,
				CD98818B1F90061000661E4E /* Assets.xcassets in Resources */,
				CD9881891F90061000661E4E /* Main.storyboard in Resources */,
			);
			runOnlyForDeploymentPostprocessing = 0;
		};
		CD9881921F90061100661E4E /* Resources */ = {
			isa = PBXResourcesBuildPhase;
			buildActionMask = 2147483647;
			files = (
			);
			runOnlyForDeploymentPostprocessing = 0;
		};
/* End PBXResourcesBuildPhase section */

/* Begin PBXSourcesBuildPhase section */
		CD98817C1F90061000661E4E /* Sources */ = {
			isa = PBXSourcesBuildPhase;
			buildActionMask = 2147483647;
			files = (
				CD9881861F90061000661E4E /* ViewController.swift in Sources */,
				CD9881841F90061000661E4E /* AppDelegate.swift in Sources */,
			);
			runOnlyForDeploymentPostprocessing = 0;
		};
		CD9881901F90061100661E4E /* Sources */ = {
			isa = PBXSourcesBuildPhase;
			buildActionMask = 2147483647;
			files = (
				CD9881991F90061100661E4E /* FTTrackerTests.swift in Sources */,
			);
			runOnlyForDeploymentPostprocessing = 0;
		};
/* End PBXSourcesBuildPhase section */

/* Begin PBXTargetDependency section */
		CD9881961F90061100661E4E /* PBXTargetDependency */ = {
			isa = PBXTargetDependency;
			target = CD98817F1F90061000661E4E /* FTTracker */;
			targetProxy = CD9881951F90061100661E4E /* PBXContainerItemProxy */;
		};
/* End PBXTargetDependency section */

/* Begin PBXVariantGroup section */
		CD9881871F90061000661E4E /* Main.storyboard */ = {
			isa = PBXVariantGroup;
			children = (
				CD9881881F90061000661E4E /* Base */,
			);
			name = Main.storyboard;
			sourceTree = "<group>";
		};
		CD98818C1F90061000661E4E /* LaunchScreen.storyboard */ = {
			isa = PBXVariantGroup;
			children = (
				CD98818D1F90061000661E4E /* Base */,
			);
			name = LaunchScreen.storyboard;
			sourceTree = "<group>";
		};
/* End PBXVariantGroup section */

/* Begin XCBuildConfiguration section */
		CD98819B1F90061100661E4E /* Debug */ = {
			isa = XCBuildConfiguration;
			buildSettings = {
				ALWAYS_SEARCH_USER_PATHS = NO;
				CLANG_ANALYZER_NONNULL = YES;
				CLANG_ANALYZER_NUMBER_OBJECT_CONVERSION = YES_AGGRESSIVE;
				CLANG_CXX_LANGUAGE_STANDARD = "gnu++14";
				CLANG_CXX_LIBRARY = "libc++";
				CLANG_ENABLE_MODULES = YES;
				CLANG_ENABLE_OBJC_ARC = YES;
				CLANG_WARN_BLOCK_CAPTURE_AUTORELEASING = YES;
				CLANG_WARN_BOOL_CONVERSION = YES;
				CLANG_WARN_COMMA = YES;
				CLANG_WARN_CONSTANT_CONVERSION = YES;
				CLANG_WARN_DIRECT_OBJC_ISA_USAGE = YES_ERROR;
				CLANG_WARN_DOCUMENTATION_COMMENTS = YES;
				CLANG_WARN_EMPTY_BODY = YES;
				CLANG_WARN_ENUM_CONVERSION = YES;
				CLANG_WARN_INFINITE_RECURSION = YES;
				CLANG_WARN_INT_CONVERSION = YES;
				CLANG_WARN_NON_LITERAL_NULL_CONVERSION = YES;
				CLANG_WARN_OBJC_LITERAL_CONVERSION = YES;
				CLANG_WARN_OBJC_ROOT_CLASS = YES_ERROR;
				CLANG_WARN_RANGE_LOOP_ANALYSIS = YES;
				CLANG_WARN_STRICT_PROTOTYPES = YES;
				CLANG_WARN_SUSPICIOUS_MOVE = YES;
				CLANG_WARN_UNGUARDED_AVAILABILITY = YES_AGGRESSIVE;
				CLANG_WARN_UNREACHABLE_CODE = YES;
				CLANG_WARN__DUPLICATE_METHOD_MATCH = YES;
				CODE_SIGN_IDENTITY = "iPhone Developer";
				COPY_PHASE_STRIP = NO;
				DEBUG_INFORMATION_FORMAT = dwarf;
				ENABLE_STRICT_OBJC_MSGSEND = YES;
				ENABLE_TESTABILITY = YES;
				GCC_C_LANGUAGE_STANDARD = gnu11;
				GCC_DYNAMIC_NO_PIC = NO;
				GCC_NO_COMMON_BLOCKS = YES;
				GCC_OPTIMIZATION_LEVEL = 0;
				GCC_PREPROCESSOR_DEFINITIONS = (
					"DEBUG=1",
					"$(inherited)",
				);
				GCC_WARN_64_TO_32_BIT_CONVERSION = YES;
				GCC_WARN_ABOUT_RETURN_TYPE = YES_ERROR;
				GCC_WARN_UNDECLARED_SELECTOR = YES;
				GCC_WARN_UNINITIALIZED_AUTOS = YES_AGGRESSIVE;
				GCC_WARN_UNUSED_FUNCTION = YES;
				GCC_WARN_UNUSED_VARIABLE = YES;
				IPHONEOS_DEPLOYMENT_TARGET = 11.0;
				MTL_ENABLE_DEBUG_INFO = YES;
				ONLY_ACTIVE_ARCH = YES;
				SDKROOT = iphoneos;
				SWIFT_ACTIVE_COMPILATION_CONDITIONS = DEBUG;
				SWIFT_OPTIMIZATION_LEVEL = "-Onone";
			};
			name = Debug;
		};
		CD98819C1F90061100661E4E /* Release */ = {
			isa = XCBuildConfiguration;
			buildSettings = {
				ALWAYS_SEARCH_USER_PATHS = NO;
				CLANG_ANALYZER_NONNULL = YES;
				CLANG_ANALYZER_NUMBER_OBJECT_CONVERSION = YES_AGGRESSIVE;
				CLANG_CXX_LANGUAGE_STANDARD = "gnu++14";
				CLANG_CXX_LIBRARY = "libc++";
				CLANG_ENABLE_MODULES = YES;
				CLANG_ENABLE_OBJC_ARC = YES;
				CLANG_WARN_BLOCK_CAPTURE_AUTORELEASING = YES;
				CLANG_WARN_BOOL_CONVERSION = YES;
				CLANG_WARN_COMMA = YES;
				CLANG_WARN_CONSTANT_CONVERSION = YES;
				CLANG_WARN_DIRECT_OBJC_ISA_USAGE = YES_ERROR;
				CLANG_WARN_DOCUMENTATION_COMMENTS = YES;
				CLANG_WARN_EMPTY_BODY = YES;
				CLANG_WARN_ENUM_CONVERSION = YES;
				CLANG_WARN_INFINITE_RECURSION = YES;
				CLANG_WARN_INT_CONVERSION = YES;
				CLANG_WARN_NON_LITERAL_NULL_CONVERSION = YES;
				CLANG_WARN_OBJC_LITERAL_CONVERSION = YES;
				CLANG_WARN_OBJC_ROOT_CLASS = YES_ERROR;
				CLANG_WARN_RANGE_LOOP_ANALYSIS = YES;
				CLANG_WARN_STRICT_PROTOTYPES = YES;
				CLANG_WARN_SUSPICIOUS_MOVE = YES;
				CLANG_WARN_UNGUARDED_AVAILABILITY = YES_AGGRESSIVE;
				CLANG_WARN_UNREACHABLE_CODE = YES;
				CLANG_WARN__DUPLICATE_METHOD_MATCH = YES;
				CODE_SIGN_IDENTITY = "iPhone Developer";
				COPY_PHASE_STRIP = NO;
				DEBUG_INFORMATION_FORMAT = "dwarf-with-dsym";
				ENABLE_NS_ASSERTIONS = NO;
				ENABLE_STRICT_OBJC_MSGSEND = YES;
				GCC_C_LANGUAGE_STANDARD = gnu11;
				GCC_NO_COMMON_BLOCKS = YES;
				GCC_WARN_64_TO_32_BIT_CONVERSION = YES;
				GCC_WARN_ABOUT_RETURN_TYPE = YES_ERROR;
				GCC_WARN_UNDECLARED_SELECTOR = YES;
				GCC_WARN_UNINITIALIZED_AUTOS = YES_AGGRESSIVE;
				GCC_WARN_UNUSED_FUNCTION = YES;
				GCC_WARN_UNUSED_VARIABLE = YES;
				IPHONEOS_DEPLOYMENT_TARGET = 11.0;
				MTL_ENABLE_DEBUG_INFO = NO;
				SDKROOT = iphoneos;
				SWIFT_OPTIMIZATION_LEVEL = "-Owholemodule";
				VALIDATE_PRODUCT = YES;
			};
			name = Release;
		};
		CD98819E1F90061100661E4E /* Debug */ = {
			isa = XCBuildConfiguration;
			buildSettings = {
				ASSETCATALOG_COMPILER_APPICON_NAME = AppIcon;
				CODE_SIGN_STYLE = Automatic;
				INFOPLIST_FILE = FTTracker/Info.plist;
				LD_RUNPATH_SEARCH_PATHS = "$(inherited) @executable_path/Frameworks";
				PRODUCT_BUNDLE_IDENTIFIER = dlb.FTTracker;
				PRODUCT_NAME = "$(TARGET_NAME)";
				SWIFT_VERSION = 4.0;
				TARGETED_DEVICE_FAMILY = "1,2";
			};
			name = Debug;
		};
		CD98819F1F90061100661E4E /* Release */ = {
			isa = XCBuildConfiguration;
			buildSettings = {
				ASSETCATALOG_COMPILER_APPICON_NAME = AppIcon;
				CODE_SIGN_STYLE = Automatic;
				INFOPLIST_FILE = FTTracker/Info.plist;
				LD_RUNPATH_SEARCH_PATHS = "$(inherited) @executable_path/Frameworks";
				PRODUCT_BUNDLE_IDENTIFIER = dlb.FTTracker;
				PRODUCT_NAME = "$(TARGET_NAME)";
				SWIFT_VERSION = 4.0;
				TARGETED_DEVICE_FAMILY = "1,2";
			};
			name = Release;
		};
		CD9881A11F90061100661E4E /* Debug */ = {
			isa = XCBuildConfiguration;
			buildSettings = {
				ALWAYS_EMBED_SWIFT_STANDARD_LIBRARIES = YES;
				BUNDLE_LOADER = "$(TEST_HOST)";
				CODE_SIGN_STYLE = Automatic;
				INFOPLIST_FILE = FTTrackerTests/Info.plist;
				LD_RUNPATH_SEARCH_PATHS = "$(inherited) @executable_path/Frameworks @loader_path/Frameworks";
				PRODUCT_BUNDLE_IDENTIFIER = dlb.FTTrackerTests;
				PRODUCT_NAME = "$(TARGET_NAME)";
				SWIFT_VERSION = 4.0;
				TARGETED_DEVICE_FAMILY = "1,2";
				TEST_HOST = "$(BUILT_PRODUCTS_DIR)/FTTracker.app/FTTracker";
			};
			name = Debug;
		};
		CD9881A21F90061100661E4E /* Release */ = {
			isa = XCBuildConfiguration;
			buildSettings = {
				ALWAYS_EMBED_SWIFT_STANDARD_LIBRARIES = YES;
				BUNDLE_LOADER = "$(TEST_HOST)";
				CODE_SIGN_STYLE = Automatic;
				INFOPLIST_FILE = FTTrackerTests/Info.plist;
				LD_RUNPATH_SEARCH_PATHS = "$(inherited) @executable_path/Frameworks @loader_path/Frameworks";
				PRODUCT_BUNDLE_IDENTIFIER = dlb.FTTrackerTests;
				PRODUCT_NAME = "$(TARGET_NAME)";
				SWIFT_VERSION = 4.0;
				TARGETED_DEVICE_FAMILY = "1,2";
				TEST_HOST = "$(BUILT_PRODUCTS_DIR)/FTTracker.app/FTTracker";
			};
			name = Release;
		};
/* End XCBuildConfiguration section */

/* Begin XCConfigurationList section */
		CD98817B1F90061000661E4E /* Build configuration list for PBXProject "FTTracker" */ = {
			isa = XCConfigurationList;
			buildConfigurations = (
				CD98819B1F90061100661E4E /* Debug */,
				CD98819C1F90061100661E4E /* Release */,
			);
			defaultConfigurationIsVisible = 0;
			defaultConfigurationName = Release;
		};
		CD98819D1F90061100661E4E /* Build configuration list for PBXNativeTarget "FTTracker" */ = {
			isa = XCConfigurationList;
			buildConfigurations = (
				CD98819E1F90061100661E4E /* Debug */,
				CD98819F1F90061100661E4E /* Release */,
			);
			defaultConfigurationIsVisible = 0;
			defaultConfigurationName = Release;
		};
		CD9881A01F90061100661E4E /* Build configuration list for PBXNativeTarget "FTTrackerTests" */ = {
			isa = XCConfigurationList;
			buildConfigurations = (
				CD9881A11F90061100661E4E /* Debug */,
				CD9881A21F90061100661E4E /* Release */,
			);
			defaultConfigurationIsVisible = 0;
			defaultConfigurationName = Release;
		};
/* End XCConfigurationList section */
	};
	rootObject = CD9881781F90061000661E4E /* Project object */;
}
